// !$*UTF8*$!
{
	archiveVersion = 1;
	classes = {
	};
	objectVersion = 56;
	objects = {

/* Begin PBXBuildFile section */
		FA19B97B2A32F58800AEB98A /* AppDelegate.swift in Sources */ = {isa = PBXBuildFile; fileRef = FA19B97A2A32F58800AEB98A /* AppDelegate.swift */; };
		FA19B97D2A32F58800AEB98A /* SceneDelegate.swift in Sources */ = {isa = PBXBuildFile; fileRef = FA19B97C2A32F58800AEB98A /* SceneDelegate.swift */; };
		FA19B97F2A32F58800AEB98A /* ViewController.swift in Sources */ = {isa = PBXBuildFile; fileRef = FA19B97E2A32F58800AEB98A /* ViewController.swift */; };
		FA19B9822A32F58800AEB98A /* Main.storyboard in Resources */ = {isa = PBXBuildFile; fileRef = FA19B9802A32F58800AEB98A /* Main.storyboard */; };
		FA19B9842A32F59000AEB98A /* Assets.xcassets in Resources */ = {isa = PBXBuildFile; fileRef = FA19B9832A32F59000AEB98A /* Assets.xcassets */; };
		FA19B9872A32F59000AEB98A /* LaunchScreen.storyboard in Resources */ = {isa = PBXBuildFile; fileRef = FA19B9852A32F59000AEB98A /* LaunchScreen.storyboard */; };
		FA19B98F2A3308A000AEB98A /* HomeController.swift in Sources */ = {isa = PBXBuildFile; fileRef = FA19B98E2A3308A000AEB98A /* HomeController.swift */; };
		FA875BD22A34A36B00AF599F /* HomeController2.swift in Sources */ = {isa = PBXBuildFile; fileRef = FA875BD12A34A36B00AF599F /* HomeController2.swift */; };
		FAE72D572A3B1D7C00E36922 /* TemperatureController.swift in Sources */ = {isa = PBXBuildFile; fileRef = FAE72D562A3B1D7C00E36922 /* TemperatureController.swift */; };
/* End PBXBuildFile section */

/* Begin PBXFileReference section */
		FA19B9772A32F58800AEB98A /* QuantityMeasurement.app */ = {isa = PBXFileReference; explicitFileType = wrapper.application; includeInIndex = 0; path = QuantityMeasurement.app; sourceTree = BUILT_PRODUCTS_DIR; };
		FA19B97A2A32F58800AEB98A /* AppDelegate.swift */ = {isa = PBXFileReference; lastKnownFileType = sourcecode.swift; path = AppDelegate.swift; sourceTree = "<group>"; };
		FA19B97C2A32F58800AEB98A /* SceneDelegate.swift */ = {isa = PBXFileReference; lastKnownFileType = sourcecode.swift; path = SceneDelegate.swift; sourceTree = "<group>"; };
		FA19B97E2A32F58800AEB98A /* ViewController.swift */ = {isa = PBXFileReference; lastKnownFileType = sourcecode.swift; path = ViewController.swift; sourceTree = "<group>"; };
		FA19B9812A32F58800AEB98A /* Base */ = {isa = PBXFileReference; lastKnownFileType = file.storyboard; name = Base; path = Base.lproj/Main.storyboard; sourceTree = "<group>"; };
		FA19B9832A32F59000AEB98A /* Assets.xcassets */ = {isa = PBXFileReference; lastKnownFileType = folder.assetcatalog; path = Assets.xcassets; sourceTree = "<group>"; };
		FA19B9862A32F59000AEB98A /* Base */ = {isa = PBXFileReference; lastKnownFileType = file.storyboard; name = Base; path = Base.lproj/LaunchScreen.storyboard; sourceTree = "<group>"; };
		FA19B9882A32F59000AEB98A /* Info.plist */ = {isa = PBXFileReference; lastKnownFileType = text.plist.xml; path = Info.plist; sourceTree = "<group>"; };
		FA19B98E2A3308A000AEB98A /* HomeController.swift */ = {isa = PBXFileReference; lastKnownFileType = sourcecode.swift; path = HomeController.swift; sourceTree = "<group>"; };
		FA875BD12A34A36B00AF599F /* HomeController2.swift */ = {isa = PBXFileReference; lastKnownFileType = sourcecode.swift; path = HomeController2.swift; sourceTree = "<group>"; };
		FAE72D562A3B1D7C00E36922 /* TemperatureController.swift */ = {isa = PBXFileReference; lastKnownFileType = sourcecode.swift; path = TemperatureController.swift; sourceTree = "<group>"; };
/* End PBXFileReference section */

/* Begin PBXFrameworksBuildPhase section */
		FA19B9742A32F58800AEB98A /* Frameworks */ = {
			isa = PBXFrameworksBuildPhase;
			buildActionMask = 2147483647;
			files = (
			);
			runOnlyForDeploymentPostprocessing = 0;
		};
/* End PBXFrameworksBuildPhase section */

/* Begin PBXGroup section */
		FA19B96E2A32F58800AEB98A = {
			isa = PBXGroup;
			children = (
				FA19B9792A32F58800AEB98A /* QuantityMeasurement */,
				FA19B9782A32F58800AEB98A /* Products */,
			);
			sourceTree = "<group>";
		};
		FA19B9782A32F58800AEB98A /* Products */ = {
			isa = PBXGroup;
			children = (
				FA19B9772A32F58800AEB98A /* QuantityMeasurement.app */,
			);
			name = Products;
			sourceTree = "<group>";
		};
		FA19B9792A32F58800AEB98A /* QuantityMeasurement */ = {
			isa = PBXGroup;
			children = (
				FA19B97A2A32F58800AEB98A /* AppDelegate.swift */,
				FA19B97C2A32F58800AEB98A /* SceneDelegate.swift */,
				FA19B97E2A32F58800AEB98A /* ViewController.swift */,
				FA19B9802A32F58800AEB98A /* Main.storyboard */,
				FAE72D562A3B1D7C00E36922 /* TemperatureController.swift */,
				FA875BD12A34A36B00AF599F /* HomeController2.swift */,
				FA19B98E2A3308A000AEB98A /* HomeController.swift */,
				FA19B9832A32F59000AEB98A /* Assets.xcassets */,
				FA19B9852A32F59000AEB98A /* LaunchScreen.storyboard */,
				FA19B9882A32F59000AEB98A /* Info.plist */,
			);
			path = QuantityMeasurement;
			sourceTree = "<group>";
		};
/* End PBXGroup section */

/* Begin PBXNativeTarget section */
		FA19B9762A32F58800AEB98A /* QuantityMeasurement */ = {
			isa = PBXNativeTarget;
			buildConfigurationList = FA19B98B2A32F59000AEB98A /* Build configuration list for PBXNativeTarget "QuantityMeasurement" */;
			buildPhases = (
				FA19B9732A32F58800AEB98A /* Sources */,
				FA19B9742A32F58800AEB98A /* Frameworks */,
				FA19B9752A32F58800AEB98A /* Resources */,
			);
			buildRules = (
			);
			dependencies = (
			);
			name = QuantityMeasurement;
			productName = QuantityMeasurement;
			productReference = FA19B9772A32F58800AEB98A /* QuantityMeasurement.app */;
			productType = "com.apple.product-type.application";
		};
/* End PBXNativeTarget section */

/* Begin PBXProject section */
		FA19B96F2A32F58800AEB98A /* Project object */ = {
			isa = PBXProject;
			attributes = {
				BuildIndependentTargetsInParallel = 1;
				LastSwiftUpdateCheck = 1410;
				LastUpgradeCheck = 1410;
				TargetAttributes = {
					FA19B9762A32F58800AEB98A = {
						CreatedOnToolsVersion = 14.1;
					};
				};
			};
			buildConfigurationList = FA19B9722A32F58800AEB98A /* Build configuration list for PBXProject "QuantityMeasurement" */;
			compatibilityVersion = "Xcode 14.0";
			developmentRegion = en;
			hasScannedForEncodings = 0;
			knownRegions = (
				en,
				Base,
			);
			mainGroup = FA19B96E2A32F58800AEB98A;
			productRefGroup = FA19B9782A32F58800AEB98A /* Products */;
			projectDirPath = "";
			projectRoot = "";
			targets = (
				FA19B9762A32F58800AEB98A /* QuantityMeasurement */,
			);
		};
/* End PBXProject section */

/* Begin PBXResourcesBuildPhase section */
		FA19B9752A32F58800AEB98A /* Resources */ = {
			isa = PBXResourcesBuildPhase;
			buildActionMask = 2147483647;
			files = (
				FA19B9872A32F59000AEB98A /* LaunchScreen.storyboard in Resources */,
				FA19B9842A32F59000AEB98A /* Assets.xcassets in Resources */,
				FA19B9822A32F58800AEB98A /* Main.storyboard in Resources */,
			);
			runOnlyForDeploymentPostprocessing = 0;
		};
/* End PBXResourcesBuildPhase section */

/* Begin PBXSourcesBuildPhase section */
		FA19B9732A32F58800AEB98A /* Sources */ = {
			isa = PBXSourcesBuildPhase;
			buildActionMask = 2147483647;
			files = (
				FAE72D572A3B1D7C00E36922 /* TemperatureController.swift in Sources */,
				FA19B98F2A3308A000AEB98A /* HomeController.swift in Sources */,
				FA19B97F2A32F58800AEB98A /* ViewController.swift in Sources */,
				FA19B97B2A32F58800AEB98A /* AppDelegate.swift in Sources */,
				FA19B97D2A32F58800AEB98A /* SceneDelegate.swift in Sources */,
				FA875BD22A34A36B00AF599F /* HomeController2.swift in Sources */,
			);
			runOnlyForDeploymentPostprocessing = 0;
		};
/* End PBXSourcesBuildPhase section */

/* Begin PBXVariantGroup section */
		FA19B9802A32F58800AEB98A /* Main.storyboard */ = {
			isa = PBXVariantGroup;
			children = (
				FA19B9812A32F58800AEB98A /* Base */,
			);
			name = Main.storyboard;
			sourceTree = "<group>";
		};
		FA19B9852A32F59000AEB98A /* LaunchScreen.storyboard */ = {
			isa = PBXVariantGroup;
			children = (
				FA19B9862A32F59000AEB98A /* Base */,
			);
			name = LaunchScreen.storyboard;
			sourceTree = "<group>";
		};
/* End PBXVariantGroup section */

/* Begin XCBuildConfiguration section */
		FA19B9892A32F59000AEB98A /* Debug */ = {
			isa = XCBuildConfiguration;
			buildSettings = {
				ALWAYS_SEARCH_USER_PATHS = NO;
				CLANG_ANALYZER_NONNULL = YES;
				CLANG_ANALYZER_NUMBER_OBJECT_CONVERSION = YES_AGGRESSIVE;
				CLANG_CXX_LANGUAGE_STANDARD = "gnu++20";
				CLANG_ENABLE_MODULES = YES;
				CLANG_ENABLE_OBJC_ARC = YES;
				CLANG_ENABLE_OBJC_WEAK = YES;
				CLANG_WARN_BLOCK_CAPTURE_AUTORELEASING = YES;
				CLANG_WARN_BOOL_CONVERSION = YES;
				CLANG_WARN_COMMA = YES;
				CLANG_WARN_CONSTANT_CONVERSION = YES;
				CLANG_WARN_DEPRECATED_OBJC_IMPLEMENTATIONS = YES;
				CLANG_WARN_DIRECT_OBJC_ISA_USAGE = YES_ERROR;
				CLANG_WARN_DOCUMENTATION_COMMENTS = YES;
				CLANG_WARN_EMPTY_BODY = YES;
				CLANG_WARN_ENUM_CONVERSION = YES;
				CLANG_WARN_INFINITE_RECURSION = YES;
				CLANG_WARN_INT_CONVERSION = YES;
				CLANG_WARN_NON_LITERAL_NULL_CONVERSION = YES;
				CLANG_WARN_OBJC_IMPLICIT_RETAIN_SELF = YES;
				CLANG_WARN_OBJC_LITERAL_CONVERSION = YES;
				CLANG_WARN_OBJC_ROOT_CLASS = YES_ERROR;
				CLANG_WARN_QUOTED_INCLUDE_IN_FRAMEWORK_HEADER = YES;
				CLANG_WARN_RANGE_LOOP_ANALYSIS = YES;
				CLANG_WARN_STRICT_PROTOTYPES = YES;
				CLANG_WARN_SUSPICIOUS_MOVE = YES;
				CLANG_WARN_UNGUARDED_AVAILABILITY = YES_AGGRESSIVE;
				CLANG_WARN_UNREACHABLE_CODE = YES;
				CLANG_WARN__DUPLICATE_METHOD_MATCH = YES;
				COPY_PHASE_STRIP = NO;
				DEBUG_INFORMATION_FORMAT = dwarf;
				ENABLE_STRICT_OBJC_MSGSEND = YES;
				ENABLE_TESTABILITY = YES;
				GCC_C_LANGUAGE_STANDARD = gnu11;
				GCC_DYNAMIC_NO_PIC = NO;
				GCC_NO_COMMON_BLOCKS = YES;
				GCC_OPTIMIZATION_LEVEL = 0;
				GCC_PREPROCESSOR_DEFINITIONS = (
					"DEBUG=1",
					"$(inherited)",
				);
				GCC_WARN_64_TO_32_BIT_CONVERSION = YES;
				GCC_WARN_ABOUT_RETURN_TYPE = YES_ERROR;
				GCC_WARN_UNDECLARED_SELECTOR = YES;
				GCC_WARN_UNINITIALIZED_AUTOS = YES_AGGRESSIVE;
				GCC_WARN_UNUSED_FUNCTION = YES;
				GCC_WARN_UNUSED_VARIABLE = YES;
				IPHONEOS_DEPLOYMENT_TARGET = 16.1;
				MTL_ENABLE_DEBUG_INFO = INCLUDE_SOURCE;
				MTL_FAST_MATH = YES;
				ONLY_ACTIVE_ARCH = YES;
				SDKROOT = iphoneos;
				SWIFT_ACTIVE_COMPILATION_CONDITIONS = DEBUG;
				SWIFT_OPTIMIZATION_LEVEL = "-Onone";
			};
			name = Debug;
		};
		FA19B98A2A32F59000AEB98A /* Release */ = {
			isa = XCBuildConfiguration;
			buildSettings = {
				ALWAYS_SEARCH_USER_PATHS = NO;
				CLANG_ANALYZER_NONNULL = YES;
				CLANG_ANALYZER_NUMBER_OBJECT_CONVERSION = YES_AGGRESSIVE;
				CLANG_CXX_LANGUAGE_STANDARD = "gnu++20";
				CLANG_ENABLE_MODULES = YES;
				CLANG_ENABLE_OBJC_ARC = YES;
				CLANG_ENABLE_OBJC_WEAK = YES;
				CLANG_WARN_BLOCK_CAPTURE_AUTORELEASING = YES;
				CLANG_WARN_BOOL_CONVERSION = YES;
				CLANG_WARN_COMMA = YES;
				CLANG_WARN_CONSTANT_CONVERSION = YES;
				CLANG_WARN_DEPRECATED_OBJC_IMPLEMENTATIONS = YES;
				CLANG_WARN_DIRECT_OBJC_ISA_USAGE = YES_ERROR;
				CLANG_WARN_DOCUMENTATION_COMMENTS = YES;
				CLANG_WARN_EMPTY_BODY = YES;
				CLANG_WARN_ENUM_CONVERSION = YES;
				CLANG_WARN_INFINITE_RECURSION = YES;
				CLANG_WARN_INT_CONVERSION = YES;
				CLANG_WARN_NON_LITERAL_NULL_CONVERSION = YES;
				CLANG_WARN_OBJC_IMPLICIT_RETAIN_SELF = YES;
				CLANG_WARN_OBJC_LITERAL_CONVERSION = YES;
				CLANG_WARN_OBJC_ROOT_CLASS = YES_ERROR;
				CLANG_WARN_QUOTED_INCLUDE_IN_FRAMEWORK_HEADER = YES;
				CLANG_WARN_RANGE_LOOP_ANALYSIS = YES;
				CLANG_WARN_STRICT_PROTOTYPES = YES;
				CLANG_WARN_SUSPICIOUS_MOVE = YES;
				CLANG_WARN_UNGUARDED_AVAILABILITY = YES_AGGRESSIVE;
				CLANG_WARN_UNREACHABLE_CODE = YES;
				CLANG_WARN__DUPLICATE_METHOD_MATCH = YES;
				COPY_PHASE_STRIP = NO;
				DEBUG_INFORMATION_FORMAT = "dwarf-with-dsym";
				ENABLE_NS_ASSERTIONS = NO;
				ENABLE_STRICT_OBJC_MSGSEND = YES;
				GCC_C_LANGUAGE_STANDARD = gnu11;
				GCC_NO_COMMON_BLOCKS = YES;
				GCC_WARN_64_TO_32_BIT_CONVERSION = YES;
				GCC_WARN_ABOUT_RETURN_TYPE = YES_ERROR;
				GCC_WARN_UNDECLARED_SELECTOR = YES;
				GCC_WARN_UNINITIALIZED_AUTOS = YES_AGGRESSIVE;
				GCC_WARN_UNUSED_FUNCTION = YES;
				GCC_WARN_UNUSED_VARIABLE = YES;
				IPHONEOS_DEPLOYMENT_TARGET = 16.1;
				MTL_ENABLE_DEBUG_INFO = NO;
				MTL_FAST_MATH = YES;
				SDKROOT = iphoneos;
				SWIFT_COMPILATION_MODE = wholemodule;
				SWIFT_OPTIMIZATION_LEVEL = "-O";
				VALIDATE_PRODUCT = YES;
			};
			name = Release;
		};
		FA19B98C2A32F59000AEB98A /* Debug */ = {
			isa = XCBuildConfiguration;
			buildSettings = {
				ASSETCATALOG_COMPILER_APPICON_NAME = AppIcon;
				ASSETCATALOG_COMPILER_GLOBAL_ACCENT_COLOR_NAME = AccentColor;
				CODE_SIGN_STYLE = Automatic;
				CURRENT_PROJECT_VERSION = 1;
				GENERATE_INFOPLIST_FILE = YES;
				INFOPLIST_FILE = QuantityMeasurement/Info.plist;
				INFOPLIST_KEY_UIApplicationSupportsIndirectInputEvents = YES;
				INFOPLIST_KEY_UILaunchStoryboardName = LaunchScreen;
				INFOPLIST_KEY_UIMainStoryboardFile = Main;
				INFOPLIST_KEY_UISupportedInterfaceOrientations_iPad = "UIInterfaceOrientationPortrait UIInterfaceOrientationPortraitUpsideDown UIInterfaceOrientationLandscapeLeft UIInterfaceOrientationLandscapeRight";
				INFOPLIST_KEY_UISupportedInterfaceOrientations_iPhone = "UIInterfaceOrientationPortrait UIInterfaceOrientationLandscapeLeft UIInterfaceOrientationLandscapeRight";
				LD_RUNPATH_SEARCH_PATHS = (
					"$(inherited)",
					"@executable_path/Frameworks",
				);
				MARKETING_VERSION = 1.0;
				PRODUCT_BUNDLE_IDENTIFIER = com.bridgelabz.QuantityMeasurement;
				PRODUCT_NAME = "$(TARGET_NAME)";
				SWIFT_EMIT_LOC_STRINGS = YES;
				SWIFT_VERSION = 5.0;
				TARGETED_DEVICE_FAMILY = "1,2";
			};
			name = Debug;
		};
		FA19B98D2A32F59000AEB98A /* Release */ = {
			isa = XCBuildConfiguration;
			buildSettings = {
				ASSETCATALOG_COMPILER_APPICON_NAME = AppIcon;
				ASSETCATALOG_COMPILER_GLOBAL_ACCENT_COLOR_NAME = AccentColor;
				CODE_SIGN_STYLE = Automatic;
				CURRENT_PROJECT_VERSION = 1;
				GENERATE_INFOPLIST_FILE = YES;
				INFOPLIST_FILE = QuantityMeasurement/Info.plist;
				INFOPLIST_KEY_UIApplicationSupportsIndirectInputEvents = YES;
				INFOPLIST_KEY_UILaunchStoryboardName = LaunchScreen;
				INFOPLIST_KEY_UIMainStoryboardFile = Main;
				INFOPLIST_KEY_UISupportedInterfaceOrientations_iPad = "UIInterfaceOrientationPortrait UIInterfaceOrientationPortraitUpsideDown UIInterfaceOrientationLandscapeLeft UIInterfaceOrientationLandscapeRight";
				INFOPLIST_KEY_UISupportedInterfaceOrientations_iPhone = "UIInterfaceOrientationPortrait UIInterfaceOrientationLandscapeLeft UIInterfaceOrientationLandscapeRight";
				LD_RUNPATH_SEARCH_PATHS = (
					"$(inherited)",
					"@executable_path/Frameworks",
				);
				MARKETING_VERSION = 1.0;
				PRODUCT_BUNDLE_IDENTIFIER = com.bridgelabz.QuantityMeasurement;
				PRODUCT_NAME = "$(TARGET_NAME)";
				SWIFT_EMIT_LOC_STRINGS = YES;
				SWIFT_VERSION = 5.0;
				TARGETED_DEVICE_FAMILY = "1,2";
			};
			name = Release;
		};
/* End XCBuildConfiguration section */

/* Begin XCConfigurationList section */
		FA19B9722A32F58800AEB98A /* Build configuration list for PBXProject "QuantityMeasurement" */ = {
			isa = XCConfigurationList;
			buildConfigurations = (
				FA19B9892A32F59000AEB98A /* Debug */,
				FA19B98A2A32F59000AEB98A /* Release */,
			);
			defaultConfigurationIsVisible = 0;
			defaultConfigurationName = Release;
		};
		FA19B98B2A32F59000AEB98A /* Build configuration list for PBXNativeTarget "QuantityMeasurement" */ = {
			isa = XCConfigurationList;
			buildConfigurations = (
				FA19B98C2A32F59000AEB98A /* Debug */,
				FA19B98D2A32F59000AEB98A /* Release */,
			);
			defaultConfigurationIsVisible = 0;
			defaultConfigurationName = Release;
		};
/* End XCConfigurationList section */
	};
	rootObject = FA19B96F2A32F58800AEB98A /* Project object */;
}
